// !$*UTF8*$!
{
	archiveVersion = 1;
	classes = {
	};
	objectVersion = 56;
	objects = {

/* Begin PBXBuildFile section */
		B5B6B3D22AB109D90064EAB8 /* AppDelegate.swift in Sources */ = {isa = PBXBuildFile; fileRef = B5B6B3D12AB109D90064EAB8 /* AppDelegate.swift */; };
		B5B6B3D42AB109D90064EAB8 /* SceneDelegate.swift in Sources */ = {isa = PBXBuildFile; fileRef = B5B6B3D32AB109D90064EAB8 /* SceneDelegate.swift */; };
		B5B6B3D62AB109D90064EAB8 /* ViewController.swift in Sources */ = {isa = PBXBuildFile; fileRef = B5B6B3D52AB109D90064EAB8 /* ViewController.swift */; };
		B5B6B3DB2AB109DA0064EAB8 /* Assets.xcassets in Resources */ = {isa = PBXBuildFile; fileRef = B5B6B3DA2AB109DA0064EAB8 /* Assets.xcassets */; };
		B5B6B3DE2AB109DA0064EAB8 /* LaunchScreen.storyboard in Resources */ = {isa = PBXBuildFile; fileRef = B5B6B3DC2AB109DA0064EAB8 /* LaunchScreen.storyboard */; };
		B5B6B3E92AB109DA0064EAB8 /* unit_ui_test_inventory_appTests.swift in Sources */ = {isa = PBXBuildFile; fileRef = B5B6B3E82AB109DA0064EAB8 /* unit_ui_test_inventory_appTests.swift */; };
		B5B6B3F32AB109DB0064EAB8 /* unit_ui_test_inventory_appUITests.swift in Sources */ = {isa = PBXBuildFile; fileRef = B5B6B3F22AB109DB0064EAB8 /* unit_ui_test_inventory_appUITests.swift */; };
		B5B6B3F52AB109DB0064EAB8 /* unit_ui_test_inventory_appUITestsLaunchTests.swift in Sources */ = {isa = PBXBuildFile; fileRef = B5B6B3F42AB109DB0064EAB8 /* unit_ui_test_inventory_appUITestsLaunchTests.swift */; };
		B5B6B4022AB10A810064EAB8 /* TableViewCell.swift in Sources */ = {isa = PBXBuildFile; fileRef = B5B6B4012AB10A810064EAB8 /* TableViewCell.swift */; };
		B5B6B4042AB10CBC0064EAB8 /* AddViewController.swift in Sources */ = {isa = PBXBuildFile; fileRef = B5B6B4032AB10CBC0064EAB8 /* AddViewController.swift */; };
		B5B6B4062AB10CEA0064EAB8 /* DetailViewController.swift in Sources */ = {isa = PBXBuildFile; fileRef = B5B6B4052AB10CEA0064EAB8 /* DetailViewController.swift */; };
		B5B6B4082AB10D280064EAB8 /* InventoryItem.swift in Sources */ = {isa = PBXBuildFile; fileRef = B5B6B4072AB10D280064EAB8 /* InventoryItem.swift */; };
		B5B6B40A2AB10D400064EAB8 /* InventroyManager.swift in Sources */ = {isa = PBXBuildFile; fileRef = B5B6B4092AB10D400064EAB8 /* InventroyManager.swift */; };
		B5B6B40C2AB10D6F0064EAB8 /* Main.storyboard in Resources */ = {isa = PBXBuildFile; fileRef = B5B6B40B2AB10D6F0064EAB8 /* Main.storyboard */; };
/* End PBXBuildFile section */

/* Begin PBXContainerItemProxy section */
		B5B6B3E52AB109DA0064EAB8 /* PBXContainerItemProxy */ = {
			isa = PBXContainerItemProxy;
			containerPortal = B5B6B3C62AB109D90064EAB8 /* Project object */;
			proxyType = 1;
			remoteGlobalIDString = B5B6B3CD2AB109D90064EAB8;
			remoteInfo = unit_ui_test_inventory_app;
		};
		B5B6B3EF2AB109DB0064EAB8 /* PBXContainerItemProxy */ = {
			isa = PBXContainerItemProxy;
			containerPortal = B5B6B3C62AB109D90064EAB8 /* Project object */;
			proxyType = 1;
			remoteGlobalIDString = B5B6B3CD2AB109D90064EAB8;
			remoteInfo = unit_ui_test_inventory_app;
		};
/* End PBXContainerItemProxy section */

/* Begin PBXFileReference section */
		B5B6B3CE2AB109D90064EAB8 /* unit_ui_test_inventory_app.app */ = {isa = PBXFileReference; explicitFileType = wrapper.application; includeInIndex = 0; path = unit_ui_test_inventory_app.app; sourceTree = BUILT_PRODUCTS_DIR; };
		B5B6B3D12AB109D90064EAB8 /* AppDelegate.swift */ = {isa = PBXFileReference; lastKnownFileType = sourcecode.swift; path = AppDelegate.swift; sourceTree = "<group>"; };
		B5B6B3D32AB109D90064EAB8 /* SceneDelegate.swift */ = {isa = PBXFileReference; lastKnownFileType = sourcecode.swift; path = SceneDelegate.swift; sourceTree = "<group>"; };
		B5B6B3D52AB109D90064EAB8 /* ViewController.swift */ = {isa = PBXFileReference; lastKnownFileType = sourcecode.swift; path = ViewController.swift; sourceTree = "<group>"; };
		B5B6B3DA2AB109DA0064EAB8 /* Assets.xcassets */ = {isa = PBXFileReference; lastKnownFileType = folder.assetcatalog; path = Assets.xcassets; sourceTree = "<group>"; };
		B5B6B3DD2AB109DA0064EAB8 /* Base */ = {isa = PBXFileReference; lastKnownFileType = file.storyboard; name = Base; path = Base.lproj/LaunchScreen.storyboard; sourceTree = "<group>"; };
		B5B6B3DF2AB109DA0064EAB8 /* Info.plist */ = {isa = PBXFileReference; lastKnownFileType = text.plist.xml; path = Info.plist; sourceTree = "<group>"; };
		B5B6B3E42AB109DA0064EAB8 /* unit_ui_test_inventory_appTests.xctest */ = {isa = PBXFileReference; explicitFileType = wrapper.cfbundle; includeInIndex = 0; path = unit_ui_test_inventory_appTests.xctest; sourceTree = BUILT_PRODUCTS_DIR; };
		B5B6B3E82AB109DA0064EAB8 /* unit_ui_test_inventory_appTests.swift */ = {isa = PBXFileReference; lastKnownFileType = sourcecode.swift; path = unit_ui_test_inventory_appTests.swift; sourceTree = "<group>"; };
		B5B6B3EE2AB109DB0064EAB8 /* unit_ui_test_inventory_appUITests.xctest */ = {isa = PBXFileReference; explicitFileType = wrapper.cfbundle; includeInIndex = 0; path = unit_ui_test_inventory_appUITests.xctest; sourceTree = BUILT_PRODUCTS_DIR; };
		B5B6B3F22AB109DB0064EAB8 /* unit_ui_test_inventory_appUITests.swift */ = {isa = PBXFileReference; lastKnownFileType = sourcecode.swift; path = unit_ui_test_inventory_appUITests.swift; sourceTree = "<group>"; };
		B5B6B3F42AB109DB0064EAB8 /* unit_ui_test_inventory_appUITestsLaunchTests.swift */ = {isa = PBXFileReference; lastKnownFileType = sourcecode.swift; path = unit_ui_test_inventory_appUITestsLaunchTests.swift; sourceTree = "<group>"; };
		B5B6B4012AB10A810064EAB8 /* TableViewCell.swift */ = {isa = PBXFileReference; lastKnownFileType = sourcecode.swift; path = TableViewCell.swift; sourceTree = "<group>"; };
		B5B6B4032AB10CBC0064EAB8 /* AddViewController.swift */ = {isa = PBXFileReference; lastKnownFileType = sourcecode.swift; path = AddViewController.swift; sourceTree = "<group>"; };
		B5B6B4052AB10CEA0064EAB8 /* DetailViewController.swift */ = {isa = PBXFileReference; lastKnownFileType = sourcecode.swift; path = DetailViewController.swift; sourceTree = "<group>"; };
		B5B6B4072AB10D280064EAB8 /* InventoryItem.swift */ = {isa = PBXFileReference; lastKnownFileType = sourcecode.swift; path = InventoryItem.swift; sourceTree = "<group>"; };
		B5B6B4092AB10D400064EAB8 /* InventroyManager.swift */ = {isa = PBXFileReference; lastKnownFileType = sourcecode.swift; path = InventroyManager.swift; sourceTree = "<group>"; };
		B5B6B40B2AB10D6F0064EAB8 /* Main.storyboard */ = {isa = PBXFileReference; fileEncoding = 4; lastKnownFileType = file.storyboard; path = Main.storyboard; sourceTree = "<group>"; };
/* End PBXFileReference section */

/* Begin PBXFrameworksBuildPhase section */
		B5B6B3CB2AB109D90064EAB8 /* Frameworks */ = {
			isa = PBXFrameworksBuildPhase;
			buildActionMask = 2147483647;
			files = (
			);
			runOnlyForDeploymentPostprocessing = 0;
		};
		B5B6B3E12AB109DA0064EAB8 /* Frameworks */ = {
			isa = PBXFrameworksBuildPhase;
			buildActionMask = 2147483647;
			files = (
			);
			runOnlyForDeploymentPostprocessing = 0;
		};
		B5B6B3EB2AB109DB0064EAB8 /* Frameworks */ = {
			isa = PBXFrameworksBuildPhase;
			buildActionMask = 2147483647;
			files = (
			);
			runOnlyForDeploymentPostprocessing = 0;
		};
/* End PBXFrameworksBuildPhase section */

/* Begin PBXGroup section */
		B5B6B3C52AB109D90064EAB8 = {
			isa = PBXGroup;
			children = (
				B5B6B3D02AB109D90064EAB8 /* unit_ui_test_inventory_app */,
				B5B6B3E72AB109DA0064EAB8 /* unit_ui_test_inventory_appTests */,
				B5B6B3F12AB109DB0064EAB8 /* unit_ui_test_inventory_appUITests */,
				B5B6B3CF2AB109D90064EAB8 /* Products */,
			);
			sourceTree = "<group>";
		};
		B5B6B3CF2AB109D90064EAB8 /* Products */ = {
			isa = PBXGroup;
			children = (
				B5B6B3CE2AB109D90064EAB8 /* unit_ui_test_inventory_app.app */,
				B5B6B3E42AB109DA0064EAB8 /* unit_ui_test_inventory_appTests.xctest */,
				B5B6B3EE2AB109DB0064EAB8 /* unit_ui_test_inventory_appUITests.xctest */,
			);
			name = Products;
			sourceTree = "<group>";
		};
		B5B6B3D02AB109D90064EAB8 /* unit_ui_test_inventory_app */ = {
			isa = PBXGroup;
			children = (
				B5B6B3D12AB109D90064EAB8 /* AppDelegate.swift */,
				B5B6B3D32AB109D90064EAB8 /* SceneDelegate.swift */,
				B5B6B3D52AB109D90064EAB8 /* ViewController.swift */,
				B5B6B40B2AB10D6F0064EAB8 /* Main.storyboard */,
				B5B6B3DA2AB109DA0064EAB8 /* Assets.xcassets */,
				B5B6B3DC2AB109DA0064EAB8 /* LaunchScreen.storyboard */,
				B5B6B3DF2AB109DA0064EAB8 /* Info.plist */,
				B5B6B4012AB10A810064EAB8 /* TableViewCell.swift */,
				B5B6B4032AB10CBC0064EAB8 /* AddViewController.swift */,
				B5B6B4052AB10CEA0064EAB8 /* DetailViewController.swift */,
				B5B6B4072AB10D280064EAB8 /* InventoryItem.swift */,
				B5B6B4092AB10D400064EAB8 /* InventroyManager.swift */,
			);
			path = unit_ui_test_inventory_app;
			sourceTree = "<group>";
		};
		B5B6B3E72AB109DA0064EAB8 /* unit_ui_test_inventory_appTests */ = {
			isa = PBXGroup;
			children = (
				B5B6B3E82AB109DA0064EAB8 /* unit_ui_test_inventory_appTests.swift */,
			);
			path = unit_ui_test_inventory_appTests;
			sourceTree = "<group>";
		};
		B5B6B3F12AB109DB0064EAB8 /* unit_ui_test_inventory_appUITests */ = {
			isa = PBXGroup;
			children = (
				B5B6B3F22AB109DB0064EAB8 /* unit_ui_test_inventory_appUITests.swift */,
				B5B6B3F42AB109DB0064EAB8 /* unit_ui_test_inventory_appUITestsLaunchTests.swift */,
			);
			path = unit_ui_test_inventory_appUITests;
			sourceTree = "<group>";
		};
/* End PBXGroup section */

/* Begin PBXNativeTarget section */
		B5B6B3CD2AB109D90064EAB8 /* unit_ui_test_inventory_app */ = {
			isa = PBXNativeTarget;
			buildConfigurationList = B5B6B3F82AB109DB0064EAB8 /* Build configuration list for PBXNativeTarget "unit_ui_test_inventory_app" */;
			buildPhases = (
				B5B6B3CA2AB109D90064EAB8 /* Sources */,
				B5B6B3CB2AB109D90064EAB8 /* Frameworks */,
				B5B6B3CC2AB109D90064EAB8 /* Resources */,
			);
			buildRules = (
			);
			dependencies = (
			);
			name = unit_ui_test_inventory_app;
			productName = unit_ui_test_inventory_app;
			productReference = B5B6B3CE2AB109D90064EAB8 /* unit_ui_test_inventory_app.app */;
			productType = "com.apple.product-type.application";
		};
		B5B6B3E32AB109DA0064EAB8 /* unit_ui_test_inventory_appTests */ = {
			isa = PBXNativeTarget;
			buildConfigurationList = B5B6B3FB2AB109DB0064EAB8 /* Build configuration list for PBXNativeTarget "unit_ui_test_inventory_appTests" */;
			buildPhases = (
				B5B6B3E02AB109DA0064EAB8 /* Sources */,
				B5B6B3E12AB109DA0064EAB8 /* Frameworks */,
				B5B6B3E22AB109DA0064EAB8 /* Resources */,
			);
			buildRules = (
			);
			dependencies = (
				B5B6B3E62AB109DA0064EAB8 /* PBXTargetDependency */,
			);
			name = unit_ui_test_inventory_appTests;
			productName = unit_ui_test_inventory_appTests;
			productReference = B5B6B3E42AB109DA0064EAB8 /* unit_ui_test_inventory_appTests.xctest */;
			productType = "com.apple.product-type.bundle.unit-test";
		};
		B5B6B3ED2AB109DB0064EAB8 /* unit_ui_test_inventory_appUITests */ = {
			isa = PBXNativeTarget;
			buildConfigurationList = B5B6B3FE2AB109DB0064EAB8 /* Build configuration list for PBXNativeTarget "unit_ui_test_inventory_appUITests" */;
			buildPhases = (
				B5B6B3EA2AB109DB0064EAB8 /* Sources */,
				B5B6B3EB2AB109DB0064EAB8 /* Frameworks */,
				B5B6B3EC2AB109DB0064EAB8 /* Resources */,
			);
			buildRules = (
			);
			dependencies = (
				B5B6B3F02AB109DB0064EAB8 /* PBXTargetDependency */,
			);
			name = unit_ui_test_inventory_appUITests;
			productName = unit_ui_test_inventory_appUITests;
			productReference = B5B6B3EE2AB109DB0064EAB8 /* unit_ui_test_inventory_appUITests.xctest */;
			productType = "com.apple.product-type.bundle.ui-testing";
		};
/* End PBXNativeTarget section */

/* Begin PBXProject section */
		B5B6B3C62AB109D90064EAB8 /* Project object */ = {
			isa = PBXProject;
			attributes = {
				BuildIndependentTargetsInParallel = 1;
				LastSwiftUpdateCheck = 1420;
				LastUpgradeCheck = 1420;
				TargetAttributes = {
					B5B6B3CD2AB109D90064EAB8 = {
						CreatedOnToolsVersion = 14.2;
					};
					B5B6B3E32AB109DA0064EAB8 = {
						CreatedOnToolsVersion = 14.2;
						TestTargetID = B5B6B3CD2AB109D90064EAB8;
					};
					B5B6B3ED2AB109DB0064EAB8 = {
						CreatedOnToolsVersion = 14.2;
						TestTargetID = B5B6B3CD2AB109D90064EAB8;
					};
				};
			};
			buildConfigurationList = B5B6B3C92AB109D90064EAB8 /* Build configuration list for PBXProject "unit_ui_test_inventory_app" */;
			compatibilityVersion = "Xcode 14.0";
			developmentRegion = en;
			hasScannedForEncodings = 0;
			knownRegions = (
				en,
				Base,
			);
			mainGroup = B5B6B3C52AB109D90064EAB8;
			productRefGroup = B5B6B3CF2AB109D90064EAB8 /* Products */;
			projectDirPath = "";
			projectRoot = "";
			targets = (
				B5B6B3CD2AB109D90064EAB8 /* unit_ui_test_inventory_app */,
				B5B6B3E32AB109DA0064EAB8 /* unit_ui_test_inventory_appTests */,
				B5B6B3ED2AB109DB0064EAB8 /* unit_ui_test_inventory_appUITests */,
			);
		};
/* End PBXProject section */

/* Begin PBXResourcesBuildPhase section */
		B5B6B3CC2AB109D90064EAB8 /* Resources */ = {
			isa = PBXResourcesBuildPhase;
			buildActionMask = 2147483647;
			files = (
				B5B6B3DE2AB109DA0064EAB8 /* LaunchScreen.storyboard in Resources */,
				B5B6B3DB2AB109DA0064EAB8 /* Assets.xcassets in Resources */,
				B5B6B40C2AB10D6F0064EAB8 /* Main.storyboard in Resources */,
			);
			runOnlyForDeploymentPostprocessing = 0;
		};
		B5B6B3E22AB109DA0064EAB8 /* Resources */ = {
			isa = PBXResourcesBuildPhase;
			buildActionMask = 2147483647;
			files = (
			);
			runOnlyForDeploymentPostprocessing = 0;
		};
		B5B6B3EC2AB109DB0064EAB8 /* Resources */ = {
			isa = PBXResourcesBuildPhase;
			buildActionMask = 2147483647;
			files = (
			);
			runOnlyForDeploymentPostprocessing = 0;
		};
/* End PBXResourcesBuildPhase section */

/* Begin PBXSourcesBuildPhase section */
		B5B6B3CA2AB109D90064EAB8 /* Sources */ = {
			isa = PBXSourcesBuildPhase;
			buildActionMask = 2147483647;
			files = (
				B5B6B4042AB10CBC0064EAB8 /* AddViewController.swift in Sources */,
				B5B6B3D62AB109D90064EAB8 /* ViewController.swift in Sources */,
				B5B6B40A2AB10D400064EAB8 /* InventroyManager.swift in Sources */,
				B5B6B4022AB10A810064EAB8 /* TableViewCell.swift in Sources */,
				B5B6B4062AB10CEA0064EAB8 /* DetailViewController.swift in Sources */,
				B5B6B3D22AB109D90064EAB8 /* AppDelegate.swift in Sources */,
				B5B6B4082AB10D280064EAB8 /* InventoryItem.swift in Sources */,
				B5B6B3D42AB109D90064EAB8 /* SceneDelegate.swift in Sources */,
			);
			runOnlyForDeploymentPostprocessing = 0;
		};
		B5B6B3E02AB109DA0064EAB8 /* Sources */ = {
			isa = PBXSourcesBuildPhase;
			buildActionMask = 2147483647;
			files = (
				B5B6B3E92AB109DA0064EAB8 /* unit_ui_test_inventory_appTests.swift in Sources */,
			);
			runOnlyForDeploymentPostprocessing = 0;
		};
		B5B6B3EA2AB109DB0064EAB8 /* Sources */ = {
			isa = PBXSourcesBuildPhase;
			buildActionMask = 2147483647;
			files = (
				B5B6B3F32AB109DB0064EAB8 /* unit_ui_test_inventory_appUITests.swift in Sources */,
				B5B6B3F52AB109DB0064EAB8 /* unit_ui_test_inventory_appUITestsLaunchTests.swift in Sources */,
			);
			runOnlyForDeploymentPostprocessing = 0;
		};
/* End PBXSourcesBuildPhase section */

/* Begin PBXTargetDependency section */
		B5B6B3E62AB109DA0064EAB8 /* PBXTargetDependency */ = {
			isa = PBXTargetDependency;
			target = B5B6B3CD2AB109D90064EAB8 /* unit_ui_test_inventory_app */;
			targetProxy = B5B6B3E52AB109DA0064EAB8 /* PBXContainerItemProxy */;
		};
		B5B6B3F02AB109DB0064EAB8 /* PBXTargetDependency */ = {
			isa = PBXTargetDependency;
			target = B5B6B3CD2AB109D90064EAB8 /* unit_ui_test_inventory_app */;
			targetProxy = B5B6B3EF2AB109DB0064EAB8 /* PBXContainerItemProxy */;
		};
/* End PBXTargetDependency section */

/* Begin PBXVariantGroup section */
		B5B6B3DC2AB109DA0064EAB8 /* LaunchScreen.storyboard */ = {
			isa = PBXVariantGroup;
			children = (
				B5B6B3DD2AB109DA0064EAB8 /* Base */,
			);
			name = LaunchScreen.storyboard;
			sourceTree = "<group>";
		};
/* End PBXVariantGroup section */

/* Begin XCBuildConfiguration section */
		B5B6B3F62AB109DB0064EAB8 /* Debug */ = {
			isa = XCBuildConfiguration;
			buildSettings = {
				ALWAYS_SEARCH_USER_PATHS = NO;
				CLANG_ANALYZER_NONNULL = YES;
				CLANG_ANALYZER_NUMBER_OBJECT_CONVERSION = YES_AGGRESSIVE;
				CLANG_CXX_LANGUAGE_STANDARD = "gnu++20";
				CLANG_ENABLE_MODULES = YES;
				CLANG_ENABLE_OBJC_ARC = YES;
				CLANG_ENABLE_OBJC_WEAK = YES;
				CLANG_WARN_BLOCK_CAPTURE_AUTORELEASING = YES;
				CLANG_WARN_BOOL_CONVERSION = YES;
				CLANG_WARN_COMMA = YES;
				CLANG_WARN_CONSTANT_CONVERSION = YES;
				CLANG_WARN_DEPRECATED_OBJC_IMPLEMENTATIONS = YES;
				CLANG_WARN_DIRECT_OBJC_ISA_USAGE = YES_ERROR;
				CLANG_WARN_DOCUMENTATION_COMMENTS = YES;
				CLANG_WARN_EMPTY_BODY = YES;
				CLANG_WARN_ENUM_CONVERSION = YES;
				CLANG_WARN_INFINITE_RECURSION = YES;
				CLANG_WARN_INT_CONVERSION = YES;
				CLANG_WARN_NON_LITERAL_NULL_CONVERSION = YES;
				CLANG_WARN_OBJC_IMPLICIT_RETAIN_SELF = YES;
				CLANG_WARN_OBJC_LITERAL_CONVERSION = YES;
				CLANG_WARN_OBJC_ROOT_CLASS = YES_ERROR;
				CLANG_WARN_QUOTED_INCLUDE_IN_FRAMEWORK_HEADER = YES;
				CLANG_WARN_RANGE_LOOP_ANALYSIS = YES;
				CLANG_WARN_STRICT_PROTOTYPES = YES;
				CLANG_WARN_SUSPICIOUS_MOVE = YES;
				CLANG_WARN_UNGUARDED_AVAILABILITY = YES_AGGRESSIVE;
				CLANG_WARN_UNREACHABLE_CODE = YES;
				CLANG_WARN__DUPLICATE_METHOD_MATCH = YES;
				COPY_PHASE_STRIP = NO;
				DEBUG_INFORMATION_FORMAT = dwarf;
				ENABLE_STRICT_OBJC_MSGSEND = YES;
				ENABLE_TESTABILITY = YES;
				GCC_C_LANGUAGE_STANDARD = gnu11;
				GCC_DYNAMIC_NO_PIC = NO;
				GCC_NO_COMMON_BLOCKS = YES;
				GCC_OPTIMIZATION_LEVEL = 0;
				GCC_PREPROCESSOR_DEFINITIONS = (
					"DEBUG=1",
					"$(inherited)",
				);
				GCC_WARN_64_TO_32_BIT_CONVERSION = YES;
				GCC_WARN_ABOUT_RETURN_TYPE = YES_ERROR;
				GCC_WARN_UNDECLARED_SELECTOR = YES;
				GCC_WARN_UNINITIALIZED_AUTOS = YES_AGGRESSIVE;
				GCC_WARN_UNUSED_FUNCTION = YES;
				GCC_WARN_UNUSED_VARIABLE = YES;
				IPHONEOS_DEPLOYMENT_TARGET = 16.2;
				MTL_ENABLE_DEBUG_INFO = INCLUDE_SOURCE;
				MTL_FAST_MATH = YES;
				ONLY_ACTIVE_ARCH = YES;
				SDKROOT = iphoneos;
				SWIFT_ACTIVE_COMPILATION_CONDITIONS = DEBUG;
				SWIFT_OPTIMIZATION_LEVEL = "-Onone";
			};
			name = Debug;
		};
		B5B6B3F72AB109DB0064EAB8 /* Release */ = {
			isa = XCBuildConfiguration;
			buildSettings = {
				ALWAYS_SEARCH_USER_PATHS = NO;
				CLANG_ANALYZER_NONNULL = YES;
				CLANG_ANALYZER_NUMBER_OBJECT_CONVERSION = YES_AGGRESSIVE;
				CLANG_CXX_LANGUAGE_STANDARD = "gnu++20";
				CLANG_ENABLE_MODULES = YES;
				CLANG_ENABLE_OBJC_ARC = YES;
				CLANG_ENABLE_OBJC_WEAK = YES;
				CLANG_WARN_BLOCK_CAPTURE_AUTORELEASING = YES;
				CLANG_WARN_BOOL_CONVERSION = YES;
				CLANG_WARN_COMMA = YES;
				CLANG_WARN_CONSTANT_CONVERSION = YES;
				CLANG_WARN_DEPRECATED_OBJC_IMPLEMENTATIONS = YES;
				CLANG_WARN_DIRECT_OBJC_ISA_USAGE = YES_ERROR;
				CLANG_WARN_DOCUMENTATION_COMMENTS = YES;
				CLANG_WARN_EMPTY_BODY = YES;
				CLANG_WARN_ENUM_CONVERSION = YES;
				CLANG_WARN_INFINITE_RECURSION = YES;
				CLANG_WARN_INT_CONVERSION = YES;
				CLANG_WARN_NON_LITERAL_NULL_CONVERSION = YES;
				CLANG_WARN_OBJC_IMPLICIT_RETAIN_SELF = YES;
				CLANG_WARN_OBJC_LITERAL_CONVERSION = YES;
				CLANG_WARN_OBJC_ROOT_CLASS = YES_ERROR;
				CLANG_WARN_QUOTED_INCLUDE_IN_FRAMEWORK_HEADER = YES;
				CLANG_WARN_RANGE_LOOP_ANALYSIS = YES;
				CLANG_WARN_STRICT_PROTOTYPES = YES;
				CLANG_WARN_SUSPICIOUS_MOVE = YES;
				CLANG_WARN_UNGUARDED_AVAILABILITY = YES_AGGRESSIVE;
				CLANG_WARN_UNREACHABLE_CODE = YES;
				CLANG_WARN__DUPLICATE_METHOD_MATCH = YES;
				COPY_PHASE_STRIP = NO;
				DEBUG_INFORMATION_FORMAT = "dwarf-with-dsym";
				ENABLE_NS_ASSERTIONS = NO;
				ENABLE_STRICT_OBJC_MSGSEND = YES;
				GCC_C_LANGUAGE_STANDARD = gnu11;
				GCC_NO_COMMON_BLOCKS = YES;
				GCC_WARN_64_TO_32_BIT_CONVERSION = YES;
				GCC_WARN_ABOUT_RETURN_TYPE = YES_ERROR;
				GCC_WARN_UNDECLARED_SELECTOR = YES;
				GCC_WARN_UNINITIALIZED_AUTOS = YES_AGGRESSIVE;
				GCC_WARN_UNUSED_FUNCTION = YES;
				GCC_WARN_UNUSED_VARIABLE = YES;
				IPHONEOS_DEPLOYMENT_TARGET = 16.2;
				MTL_ENABLE_DEBUG_INFO = NO;
				MTL_FAST_MATH = YES;
				SDKROOT = iphoneos;
				SWIFT_COMPILATION_MODE = wholemodule;
				SWIFT_OPTIMIZATION_LEVEL = "-O";
				VALIDATE_PRODUCT = YES;
			};
			name = Release;
		};
		B5B6B3F92AB109DB0064EAB8 /* Debug */ = {
			isa = XCBuildConfiguration;
			buildSettings = {
				ASSETCATALOG_COMPILER_APPICON_NAME = AppIcon;
				ASSETCATALOG_COMPILER_GLOBAL_ACCENT_COLOR_NAME = AccentColor;
				CODE_SIGN_STYLE = Automatic;
				CURRENT_PROJECT_VERSION = 1;
				DEVELOPMENT_TEAM = 3M5XRX4AR5;
				GENERATE_INFOPLIST_FILE = YES;
				INFOPLIST_FILE = unit_ui_test_inventory_app/Info.plist;
				INFOPLIST_KEY_UIApplicationSupportsIndirectInputEvents = YES;
				INFOPLIST_KEY_UILaunchStoryboardName = LaunchScreen;
				INFOPLIST_KEY_UIMainStoryboardFile = Main;
				INFOPLIST_KEY_UISupportedInterfaceOrientations_iPad = "UIInterfaceOrientationPortrait UIInterfaceOrientationPortraitUpsideDown UIInterfaceOrientationLandscapeLeft UIInterfaceOrientationLandscapeRight";
				INFOPLIST_KEY_UISupportedInterfaceOrientations_iPhone = "UIInterfaceOrientationPortrait UIInterfaceOrientationLandscapeLeft UIInterfaceOrientationLandscapeRight";
				LD_RUNPATH_SEARCH_PATHS = (
					"$(inherited)",
					"@executable_path/Frameworks",
				);
				MARKETING_VERSION = 1.0;
				PRODUCT_BUNDLE_IDENTIFIER = "unituitestinventoryapp.unit-ui-test-inventory-app";
				PRODUCT_NAME = "$(TARGET_NAME)";
				SWIFT_EMIT_LOC_STRINGS = YES;
				SWIFT_VERSION = 5.0;
				TARGETED_DEVICE_FAMILY = "1,2";
			};
			name = Debug;
		};
		B5B6B3FA2AB109DB0064EAB8 /* Release */ = {
			isa = XCBuildConfiguration;
			buildSettings = {
				ASSETCATALOG_COMPILER_APPICON_NAME = AppIcon;
				ASSETCATALOG_COMPILER_GLOBAL_ACCENT_COLOR_NAME = AccentColor;
				CODE_SIGN_STYLE = Automatic;
				CURRENT_PROJECT_VERSION = 1;
				DEVELOPMENT_TEAM = 3M5XRX4AR5;
				GENERATE_INFOPLIST_FILE = YES;
				INFOPLIST_FILE = unit_ui_test_inventory_app/Info.plist;
				INFOPLIST_KEY_UIApplicationSupportsIndirectInputEvents = YES;
				INFOPLIST_KEY_UILaunchStoryboardName = LaunchScreen;
				INFOPLIST_KEY_UIMainStoryboardFile = Main;
				INFOPLIST_KEY_UISupportedInterfaceOrientations_iPad = "UIInterfaceOrientationPortrait UIInterfaceOrientationPortraitUpsideDown UIInterfaceOrientationLandscapeLeft UIInterfaceOrientationLandscapeRight";
				INFOPLIST_KEY_UISupportedInterfaceOrientations_iPhone = "UIInterfaceOrientationPortrait UIInterfaceOrientationLandscapeLeft UIInterfaceOrientationLandscapeRight";
				LD_RUNPATH_SEARCH_PATHS = (
					"$(inherited)",
					"@executable_path/Frameworks",
				);
				MARKETING_VERSION = 1.0;
				PRODUCT_BUNDLE_IDENTIFIER = "unituitestinventoryapp.unit-ui-test-inventory-app";
				PRODUCT_NAME = "$(TARGET_NAME)";
				SWIFT_EMIT_LOC_STRINGS = YES;
				SWIFT_VERSION = 5.0;
				TARGETED_DEVICE_FAMILY = "1,2";
			};
			name = Release;
		};
		B5B6B3FC2AB109DB0064EAB8 /* Debug */ = {
			isa = XCBuildConfiguration;
			buildSettings = {
				ALWAYS_EMBED_SWIFT_STANDARD_LIBRARIES = YES;
				BUNDLE_LOADER = "$(TEST_HOST)";
				CODE_SIGN_STYLE = Automatic;
				CURRENT_PROJECT_VERSION = 1;
				DEVELOPMENT_TEAM = 3M5XRX4AR5;
				GENERATE_INFOPLIST_FILE = YES;
				IPHONEOS_DEPLOYMENT_TARGET = 16.2;
				MARKETING_VERSION = 1.0;
				PRODUCT_BUNDLE_IDENTIFIER = "unituitestinventoryapp.unit-ui-test-inventory-appTests";
				PRODUCT_NAME = "$(TARGET_NAME)";
				SWIFT_EMIT_LOC_STRINGS = NO;
				SWIFT_VERSION = 5.0;
				TARGETED_DEVICE_FAMILY = "1,2";
				TEST_HOST = "$(BUILT_PRODUCTS_DIR)/unit_ui_test_inventory_app.app/$(BUNDLE_EXECUTABLE_FOLDER_PATH)/unit_ui_test_inventory_app";
			};
			name = Debug;
		};
		B5B6B3FD2AB109DB0064EAB8 /* Release */ = {
			isa = XCBuildConfiguration;
			buildSettings = {
				ALWAYS_EMBED_SWIFT_STANDARD_LIBRARIES = YES;
				BUNDLE_LOADER = "$(TEST_HOST)";
				CODE_SIGN_STYLE = Automatic;
				CURRENT_PROJECT_VERSION = 1;
				DEVELOPMENT_TEAM = 3M5XRX4AR5;
				GENERATE_INFOPLIST_FILE = YES;
				IPHONEOS_DEPLOYMENT_TARGET = 16.2;
				MARKETING_VERSION = 1.0;
				PRODUCT_BUNDLE_IDENTIFIER = "unituitestinventoryapp.unit-ui-test-inventory-appTests";
				PRODUCT_NAME = "$(TARGET_NAME)";
				SWIFT_EMIT_LOC_STRINGS = NO;
				SWIFT_VERSION = 5.0;
				TARGETED_DEVICE_FAMILY = "1,2";
				TEST_HOST = "$(BUILT_PRODUCTS_DIR)/unit_ui_test_inventory_app.app/$(BUNDLE_EXECUTABLE_FOLDER_PATH)/unit_ui_test_inventory_app";
			};
			name = Release;
		};
		B5B6B3FF2AB109DB0064EAB8 /* Debug */ = {
			isa = XCBuildConfiguration;
			buildSettings = {
				ALWAYS_EMBED_SWIFT_STANDARD_LIBRARIES = YES;
				CODE_SIGN_STYLE = Automatic;
				CURRENT_PROJECT_VERSION = 1;
				DEVELOPMENT_TEAM = 3M5XRX4AR5;
				GENERATE_INFOPLIST_FILE = YES;
				MARKETING_VERSION = 1.0;
				PRODUCT_BUNDLE_IDENTIFIER = "unituitestinventoryapp.unit-ui-test-inventory-appUITests";
				PRODUCT_NAME = "$(TARGET_NAME)";
				SWIFT_EMIT_LOC_STRINGS = NO;
				SWIFT_VERSION = 5.0;
				TARGETED_DEVICE_FAMILY = "1,2";
				TEST_TARGET_NAME = unit_ui_test_inventory_app;
			};
			name = Debug;
		};
		B5B6B4002AB109DB0064EAB8 /* Release */ = {
			isa = XCBuildConfiguration;
			buildSettings = {
				ALWAYS_EMBED_SWIFT_STANDARD_LIBRARIES = YES;
				CODE_SIGN_STYLE = Automatic;
				CURRENT_PROJECT_VERSION = 1;
				DEVELOPMENT_TEAM = 3M5XRX4AR5;
				GENERATE_INFOPLIST_FILE = YES;
				MARKETING_VERSION = 1.0;
				PRODUCT_BUNDLE_IDENTIFIER = "unituitestinventoryapp.unit-ui-test-inventory-appUITests";
				PRODUCT_NAME = "$(TARGET_NAME)";
				SWIFT_EMIT_LOC_STRINGS = NO;
				SWIFT_VERSION = 5.0;
				TARGETED_DEVICE_FAMILY = "1,2";
				TEST_TARGET_NAME = unit_ui_test_inventory_app;
			};
			name = Release;
		};
/* End XCBuildConfiguration section */

/* Begin XCConfigurationList section */
		B5B6B3C92AB109D90064EAB8 /* Build configuration list for PBXProject "unit_ui_test_inventory_app" */ = {
			isa = XCConfigurationList;
			buildConfigurations = (
				B5B6B3F62AB109DB0064EAB8 /* Debug */,
				B5B6B3F72AB109DB0064EAB8 /* Release */,
			);
			defaultConfigurationIsVisible = 0;
			defaultConfigurationName = Release;
		};
		B5B6B3F82AB109DB0064EAB8 /* Build configuration list for PBXNativeTarget "unit_ui_test_inventory_app" */ = {
			isa = XCConfigurationList;
			buildConfigurations = (
				B5B6B3F92AB109DB0064EAB8 /* Debug */,
				B5B6B3FA2AB109DB0064EAB8 /* Release */,
			);
			defaultConfigurationIsVisible = 0;
			defaultConfigurationName = Release;
		};
		B5B6B3FB2AB109DB0064EAB8 /* Build configuration list for PBXNativeTarget "unit_ui_test_inventory_appTests" */ = {
			isa = XCConfigurationList;
			buildConfigurations = (
				B5B6B3FC2AB109DB0064EAB8 /* Debug */,
				B5B6B3FD2AB109DB0064EAB8 /* Release */,
			);
			defaultConfigurationIsVisible = 0;
			defaultConfigurationName = Release;
		};
		B5B6B3FE2AB109DB0064EAB8 /* Build configuration list for PBXNativeTarget "unit_ui_test_inventory_appUITests" */ = {
			isa = XCConfigurationList;
			buildConfigurations = (
				B5B6B3FF2AB109DB0064EAB8 /* Debug */,
				B5B6B4002AB109DB0064EAB8 /* Release */,
			);
			defaultConfigurationIsVisible = 0;
			defaultConfigurationName = Release;
		};
/* End XCConfigurationList section */
	};
	rootObject = B5B6B3C62AB109D90064EAB8 /* Project object */;
}
